<Solution>
  <Project Path="PowerPortalsPro.Dataverse.Linq/PowerPortalsPro.Dataverse.Linq.csproj" />
  <Folder Name="/Solution Items/">
    <File Path="../.gitignore" />
    <File Path="../README.md" />
  </Folder>
  <Project Path="PowerPortalsPro.Dataverse.Linq.Tests/PowerPortalsPro.Dataverse.Linq.Tests.csproj" />
</Solution>
